
Microsoft Visual Studio Solution File, Format Version 12.00
# Visual Studio Version 16
VisualStudioVersion = 16.0.29728.190
MinimumVisualStudioVersion = 10.0.40219.1
Project("{9A19103F-16F7-4668-BE54-9A1E7A4F7556}") = "Mazes", "Mazes\Mazes.csproj", "{6091C707-3574-4720-9E0F-D470637C5A03}"
EndProject
Project("{9A19103F-16F7-4668-BE54-9A1E7A4F7556}") = "BinaryTreeDemo", "BinaryTreeDemo\BinaryTreeDemo.csproj", "{06C642E4-49B6-4944-BD1D-1865734DC741}"
EndProject
Project("{9A19103F-16F7-4668-BE54-9A1E7A4F7556}") = "SidewinderDemo", "SidewinderDemo\SidewinderDemo.csproj", "{9BFC69C3-678C-41B0-B022-31E51389C15B}"
EndProject
Project("{9A19103F-16F7-4668-BE54-9A1E7A4F7556}") = "Dijkstra", "Dijkstra\Dijkstra.csproj", "{C5E13541-6CD2-4534-AEFA-D30C443E1DD3}"
EndProject
Project("{9A19103F-16F7-4668-BE54-9A1E7A4F7556}") = "LongestPath", "LongestPath\LongestPath.csproj", "{874F531F-E55F-4E97-9EFB-FA815C8ABE0E}"
EndProject
Project("{9A19103F-16F7-4668-BE54-9A1E7A4F7556}") = "Coloring", "Coloring\Coloring.csproj", "{0DA850A8-DA21-497E-8BB9-5AF79926E904}"
EndProject
Project("{9A19103F-16F7-4668-BE54-9A1E7A4F7556}") = "AldousBroderDemo", "AldousBroderDemo\AldousBroderDemo.csproj", "{04FAEA76-99F7-48D6-89B8-69832BD73007}"
EndProject
Project("{9A19103F-16F7-4668-BE54-9A1E7A4F7556}") = "AldousBroderColored", "AldousBroderColored\AldousBroderColored.csproj", "{9AE176CF-237A-4A10-924E-CF6B6CA3BD29}"
EndProject
Project("{9A19103F-16F7-4668-BE54-9A1E7A4F7556}") = "WilsonsDemo", "WilsonsDemo\WilsonsDemo.csproj", "{BC49E459-455C-4499-A996-5FB2037B73D4}"
EndProject
Project("{2150E333-8FDC-42A3-9474-1A3956D46DE8}") = "Demos", "Demos", "{75DAAF1B-B048-40BA-8A65-D81C62848A6D}"
EndProject
Project("{9A19103F-16F7-4668-BE54-9A1E7A4F7556}") = "HuntAndKillDemo", "HuntAndKillDemo\HuntAndKillDemo.csproj", "{8A27CD24-A1B1-4754-BCE3-ED003ABDDF14}"
EndProject
Project("{9A19103F-16F7-4668-BE54-9A1E7A4F7556}") = "DeadEndCounts", "DeadEndCounts\DeadEndCounts.csproj", "{D2A52A29-5D42-4AAB-BE99-DEFAF012F881}"
EndProject
Project("{9A19103F-16F7-4668-BE54-9A1E7A4F7556}") = "RecursiveBackgrackerDemo", "RecursiveBackgrackerDemo\RecursiveBackgrackerDemo.csproj", "{3136B163-24B7-4763-9F81-06700BAD1079}"
EndProject
Project("{9A19103F-16F7-4668-BE54-9A1E7A4F7556}") = "KillingCells", "KillingCells\KillingCells.csproj", "{731B6F4B-3A03-40F3-AFC1-6B20F249486B}"
EndProject
Project("{9A19103F-16F7-4668-BE54-9A1E7A4F7556}") = "SimpleMask", "SimpleMask\SimpleMask.csproj", "{452C7B91-E72C-4C31-8C6D-C840408C4AB8}"
EndProject
Project("{9A19103F-16F7-4668-BE54-9A1E7A4F7556}") = "AsciiMask", "AsciiMask\AsciiMask.csproj", "{E3E75801-F3CE-4989-BBB5-4A27C778A6D6}"
EndProject
Project("{9A19103F-16F7-4668-BE54-9A1E7A4F7556}") = "ImageMask", "ImageMask\ImageMask.csproj", "{C4BC8A0C-98E0-41A0-BB9C-831D633DF5A8}"
EndProject
Project("{9A19103F-16F7-4668-BE54-9A1E7A4F7556}") = "PolarGridTest", "PolarGridTest\PolarGridTest.csproj", "{A570CF92-6AA2-4018-AC63-5C9D2DBD3556}"
EndProject
Project("{9A19103F-16F7-4668-BE54-9A1E7A4F7556}") = "CircleMaze", "CircleMaze\CircleMaze.csproj", "{E72BC937-CAE7-4E54-B03E-22DF86A3CC7A}"
EndProject
Project("{9A19103F-16F7-4668-BE54-9A1E7A4F7556}") = "HexMaze", "HexMaze\HexMaze.csproj", "{7F4BDA5E-3972-49FD-90A3-C42033DAECAF}"
EndProject
Project("{9A19103F-16F7-4668-BE54-9A1E7A4F7556}") = "DeltaMaze", "DeltaMaze\DeltaMaze.csproj", "{D2EAFF61-F471-442B-A57F-021246863350}"
EndProject
Project("{9A19103F-16F7-4668-BE54-9A1E7A4F7556}") = "WeightedMaze", "WeightedMaze\WeightedMaze.csproj", "{19A25BE1-3AE4-44B1-98CD-2965E459DE62}"
EndProject
Project("{9A19103F-16F7-4668-BE54-9A1E7A4F7556}") = "WeaveMaze", "WeaveMaze\WeaveMaze.csproj", "{F59E45AE-E4F9-4699-B276-3E8B7B022FE9}"
EndProject
Project("{9A19103F-16F7-4668-BE54-9A1E7A4F7556}") = "KruskalsDemo", "KruskalsDemo\KruskalsDemo.csproj", "{ABB247B8-7E48-492A-BC60-3CE156A2D93D}"
EndProject
Project("{9A19103F-16F7-4668-BE54-9A1E7A4F7556}") = "KruskalsWeaveDemo", "KruskalsWeaveDemo\KruskalsWeaveDemo.csproj", "{DF502144-F22F-469D-A43E-ED42253DC85D}"
EndProject
Project("{9A19103F-16F7-4668-BE54-9A1E7A4F7556}") = "PrimsDemo", "PrimsDemo\PrimsDemo.csproj", "{FC43BE92-EC77-4831-8A0D-8936F2808D40}"
EndProject
Project("{9A19103F-16F7-4668-BE54-9A1E7A4F7556}") = "TruePrimsDemo", "TruePrimsDemo\TruePrimsDemo.csproj", "{AF2E49A6-8326-43BA-AB8E-4C2EA60EBD4B}"
EndProject
Project("{9A19103F-16F7-4668-BE54-9A1E7A4F7556}") = "GrowingTreeDemo", "GrowingTreeDemo\GrowingTreeDemo.csproj", "{A45C79DB-AC11-4769-A217-27D31D0A6628}"
EndProject
Project("{9A19103F-16F7-4668-BE54-9A1E7A4F7556}") = "EllersDemo", "EllersDemo\EllersDemo.csproj", "{23F697D4-EA30-4142-8CC4-B0802D65EBAB}"
EndProject
Project("{9A19103F-16F7-4668-BE54-9A1E7A4F7556}") = "RecursiveDivisionDemo", "RecursiveDivisionDemo\RecursiveDivisionDemo.csproj", "{AD3599A6-E990-417E-822E-032114470F92}"
EndProject
Project("{9A19103F-16F7-4668-BE54-9A1E7A4F7556}") = "Grid3DDemo", "Grid3DDemo\Grid3DDemo.csproj", "{2B5BF0D3-36A5-42A4-BB73-0FEBD9493597}"
EndProject
Project("{9A19103F-16F7-4668-BE54-9A1E7A4F7556}") = "CylinderDemo", "CylinderDemo\CylinderDemo.csproj", "{52947FCE-9132-45DD-8A2A-3F7A238F1E11}"
EndProject
Project("{9A19103F-16F7-4668-BE54-9A1E7A4F7556}") = "MoebiusDemo", "MoebiusDemo\MoebiusDemo.csproj", "{06D69754-36AA-45C0-A526-30DEBC81F3E7}"
EndProject
Project("{9A19103F-16F7-4668-BE54-9A1E7A4F7556}") = "CubeDemo", "CubeDemo\CubeDemo.csproj", "{C4D3CF58-B3E2-4234-83D9-8398A51620DB}"
EndProject
Project("{9A19103F-16F7-4668-BE54-9A1E7A4F7556}") = "SphereDemo", "SphereDemo\SphereDemo.csproj", "{4B2AEBFF-1E5A-4B5C-9A5B-2E1400AA6129}"
EndProject
Project("{9A19103F-16F7-4668-BE54-9A1E7A4F7556}") = "Mazes.Services", "Mazes.Services\Mazes.Services.csproj", "{DCE232FB-239F-4975-9BDE-24B98B522576}"
EndProject
Project("{9A19103F-16F7-4668-BE54-9A1E7A4F7556}") = "Mazes.Services.Test", "Mazes.Services.Test\Mazes.Services.Test.csproj", "{B243867C-7088-47C6-8080-641116137D49}"
EndProject
Project("{FAE04EC0-301F-11D3-BF4B-00C04F79EFBC}") = "Mazes.Blazor", "Mazes.Blazor\Mazes.Blazor.csproj", "{59617D14-017F-477F-9840-286244E1AFFE}"
EndProject
Global
	GlobalSection(SolutionConfigurationPlatforms) = preSolution
		Debug|Any CPU = Debug|Any CPU
		Release|Any CPU = Release|Any CPU
	EndGlobalSection
	GlobalSection(ProjectConfigurationPlatforms) = postSolution
		{6091C707-3574-4720-9E0F-D470637C5A03}.Debug|Any CPU.ActiveCfg = Debug|Any CPU
		{6091C707-3574-4720-9E0F-D470637C5A03}.Debug|Any CPU.Build.0 = Debug|Any CPU
		{6091C707-3574-4720-9E0F-D470637C5A03}.Release|Any CPU.ActiveCfg = Release|Any CPU
		{6091C707-3574-4720-9E0F-D470637C5A03}.Release|Any CPU.Build.0 = Release|Any CPU
		{06C642E4-49B6-4944-BD1D-1865734DC741}.Debug|Any CPU.ActiveCfg = Debug|Any CPU
		{06C642E4-49B6-4944-BD1D-1865734DC741}.Debug|Any CPU.Build.0 = Debug|Any CPU
		{06C642E4-49B6-4944-BD1D-1865734DC741}.Release|Any CPU.ActiveCfg = Release|Any CPU
		{06C642E4-49B6-4944-BD1D-1865734DC741}.Release|Any CPU.Build.0 = Release|Any CPU
		{9BFC69C3-678C-41B0-B022-31E51389C15B}.Debug|Any CPU.ActiveCfg = Debug|Any CPU
		{9BFC69C3-678C-41B0-B022-31E51389C15B}.Debug|Any CPU.Build.0 = Debug|Any CPU
		{9BFC69C3-678C-41B0-B022-31E51389C15B}.Release|Any CPU.ActiveCfg = Release|Any CPU
		{9BFC69C3-678C-41B0-B022-31E51389C15B}.Release|Any CPU.Build.0 = Release|Any CPU
		{C5E13541-6CD2-4534-AEFA-D30C443E1DD3}.Debug|Any CPU.ActiveCfg = Debug|Any CPU
		{C5E13541-6CD2-4534-AEFA-D30C443E1DD3}.Debug|Any CPU.Build.0 = Debug|Any CPU
		{C5E13541-6CD2-4534-AEFA-D30C443E1DD3}.Release|Any CPU.ActiveCfg = Release|Any CPU
		{C5E13541-6CD2-4534-AEFA-D30C443E1DD3}.Release|Any CPU.Build.0 = Release|Any CPU
		{874F531F-E55F-4E97-9EFB-FA815C8ABE0E}.Debug|Any CPU.ActiveCfg = Debug|Any CPU
		{874F531F-E55F-4E97-9EFB-FA815C8ABE0E}.Debug|Any CPU.Build.0 = Debug|Any CPU
		{874F531F-E55F-4E97-9EFB-FA815C8ABE0E}.Release|Any CPU.ActiveCfg = Release|Any CPU
		{874F531F-E55F-4E97-9EFB-FA815C8ABE0E}.Release|Any CPU.Build.0 = Release|Any CPU
		{0DA850A8-DA21-497E-8BB9-5AF79926E904}.Debug|Any CPU.ActiveCfg = Debug|Any CPU
		{0DA850A8-DA21-497E-8BB9-5AF79926E904}.Debug|Any CPU.Build.0 = Debug|Any CPU
		{0DA850A8-DA21-497E-8BB9-5AF79926E904}.Release|Any CPU.ActiveCfg = Release|Any CPU
		{0DA850A8-DA21-497E-8BB9-5AF79926E904}.Release|Any CPU.Build.0 = Release|Any CPU
		{04FAEA76-99F7-48D6-89B8-69832BD73007}.Debug|Any CPU.ActiveCfg = Debug|Any CPU
		{04FAEA76-99F7-48D6-89B8-69832BD73007}.Debug|Any CPU.Build.0 = Debug|Any CPU
		{04FAEA76-99F7-48D6-89B8-69832BD73007}.Release|Any CPU.ActiveCfg = Release|Any CPU
		{04FAEA76-99F7-48D6-89B8-69832BD73007}.Release|Any CPU.Build.0 = Release|Any CPU
		{9AE176CF-237A-4A10-924E-CF6B6CA3BD29}.Debug|Any CPU.ActiveCfg = Debug|Any CPU
		{9AE176CF-237A-4A10-924E-CF6B6CA3BD29}.Debug|Any CPU.Build.0 = Debug|Any CPU
		{9AE176CF-237A-4A10-924E-CF6B6CA3BD29}.Release|Any CPU.ActiveCfg = Release|Any CPU
		{9AE176CF-237A-4A10-924E-CF6B6CA3BD29}.Release|Any CPU.Build.0 = Release|Any CPU
		{BC49E459-455C-4499-A996-5FB2037B73D4}.Debug|Any CPU.ActiveCfg = Debug|Any CPU
		{BC49E459-455C-4499-A996-5FB2037B73D4}.Debug|Any CPU.Build.0 = Debug|Any CPU
		{BC49E459-455C-4499-A996-5FB2037B73D4}.Release|Any CPU.ActiveCfg = Release|Any CPU
		{BC49E459-455C-4499-A996-5FB2037B73D4}.Release|Any CPU.Build.0 = Release|Any CPU
		{8A27CD24-A1B1-4754-BCE3-ED003ABDDF14}.Debug|Any CPU.ActiveCfg = Debug|Any CPU
		{8A27CD24-A1B1-4754-BCE3-ED003ABDDF14}.Debug|Any CPU.Build.0 = Debug|Any CPU
		{8A27CD24-A1B1-4754-BCE3-ED003ABDDF14}.Release|Any CPU.ActiveCfg = Release|Any CPU
		{8A27CD24-A1B1-4754-BCE3-ED003ABDDF14}.Release|Any CPU.Build.0 = Release|Any CPU
		{D2A52A29-5D42-4AAB-BE99-DEFAF012F881}.Debug|Any CPU.ActiveCfg = Debug|Any CPU
		{D2A52A29-5D42-4AAB-BE99-DEFAF012F881}.Debug|Any CPU.Build.0 = Debug|Any CPU
		{D2A52A29-5D42-4AAB-BE99-DEFAF012F881}.Release|Any CPU.ActiveCfg = Release|Any CPU
		{D2A52A29-5D42-4AAB-BE99-DEFAF012F881}.Release|Any CPU.Build.0 = Release|Any CPU
		{3136B163-24B7-4763-9F81-06700BAD1079}.Debug|Any CPU.ActiveCfg = Debug|Any CPU
		{3136B163-24B7-4763-9F81-06700BAD1079}.Debug|Any CPU.Build.0 = Debug|Any CPU
		{3136B163-24B7-4763-9F81-06700BAD1079}.Release|Any CPU.ActiveCfg = Release|Any CPU
		{3136B163-24B7-4763-9F81-06700BAD1079}.Release|Any CPU.Build.0 = Release|Any CPU
		{731B6F4B-3A03-40F3-AFC1-6B20F249486B}.Debug|Any CPU.ActiveCfg = Debug|Any CPU
		{731B6F4B-3A03-40F3-AFC1-6B20F249486B}.Debug|Any CPU.Build.0 = Debug|Any CPU
		{731B6F4B-3A03-40F3-AFC1-6B20F249486B}.Release|Any CPU.ActiveCfg = Release|Any CPU
		{731B6F4B-3A03-40F3-AFC1-6B20F249486B}.Release|Any CPU.Build.0 = Release|Any CPU
		{452C7B91-E72C-4C31-8C6D-C840408C4AB8}.Debug|Any CPU.ActiveCfg = Debug|Any CPU
		{452C7B91-E72C-4C31-8C6D-C840408C4AB8}.Debug|Any CPU.Build.0 = Debug|Any CPU
		{452C7B91-E72C-4C31-8C6D-C840408C4AB8}.Release|Any CPU.ActiveCfg = Release|Any CPU
		{452C7B91-E72C-4C31-8C6D-C840408C4AB8}.Release|Any CPU.Build.0 = Release|Any CPU
		{E3E75801-F3CE-4989-BBB5-4A27C778A6D6}.Debug|Any CPU.ActiveCfg = Debug|Any CPU
		{E3E75801-F3CE-4989-BBB5-4A27C778A6D6}.Debug|Any CPU.Build.0 = Debug|Any CPU
		{E3E75801-F3CE-4989-BBB5-4A27C778A6D6}.Release|Any CPU.ActiveCfg = Release|Any CPU
		{E3E75801-F3CE-4989-BBB5-4A27C778A6D6}.Release|Any CPU.Build.0 = Release|Any CPU
		{C4BC8A0C-98E0-41A0-BB9C-831D633DF5A8}.Debug|Any CPU.ActiveCfg = Debug|Any CPU
		{C4BC8A0C-98E0-41A0-BB9C-831D633DF5A8}.Debug|Any CPU.Build.0 = Debug|Any CPU
		{C4BC8A0C-98E0-41A0-BB9C-831D633DF5A8}.Release|Any CPU.ActiveCfg = Release|Any CPU
		{C4BC8A0C-98E0-41A0-BB9C-831D633DF5A8}.Release|Any CPU.Build.0 = Release|Any CPU
		{A570CF92-6AA2-4018-AC63-5C9D2DBD3556}.Debug|Any CPU.ActiveCfg = Debug|Any CPU
		{A570CF92-6AA2-4018-AC63-5C9D2DBD3556}.Debug|Any CPU.Build.0 = Debug|Any CPU
		{A570CF92-6AA2-4018-AC63-5C9D2DBD3556}.Release|Any CPU.ActiveCfg = Release|Any CPU
		{A570CF92-6AA2-4018-AC63-5C9D2DBD3556}.Release|Any CPU.Build.0 = Release|Any CPU
		{E72BC937-CAE7-4E54-B03E-22DF86A3CC7A}.Debug|Any CPU.ActiveCfg = Debug|Any CPU
		{E72BC937-CAE7-4E54-B03E-22DF86A3CC7A}.Debug|Any CPU.Build.0 = Debug|Any CPU
		{E72BC937-CAE7-4E54-B03E-22DF86A3CC7A}.Release|Any CPU.ActiveCfg = Release|Any CPU
		{E72BC937-CAE7-4E54-B03E-22DF86A3CC7A}.Release|Any CPU.Build.0 = Release|Any CPU
		{7F4BDA5E-3972-49FD-90A3-C42033DAECAF}.Debug|Any CPU.ActiveCfg = Debug|Any CPU
		{7F4BDA5E-3972-49FD-90A3-C42033DAECAF}.Debug|Any CPU.Build.0 = Debug|Any CPU
		{7F4BDA5E-3972-49FD-90A3-C42033DAECAF}.Release|Any CPU.ActiveCfg = Release|Any CPU
		{7F4BDA5E-3972-49FD-90A3-C42033DAECAF}.Release|Any CPU.Build.0 = Release|Any CPU
		{D2EAFF61-F471-442B-A57F-021246863350}.Debug|Any CPU.ActiveCfg = Debug|Any CPU
		{D2EAFF61-F471-442B-A57F-021246863350}.Debug|Any CPU.Build.0 = Debug|Any CPU
		{D2EAFF61-F471-442B-A57F-021246863350}.Release|Any CPU.ActiveCfg = Release|Any CPU
		{D2EAFF61-F471-442B-A57F-021246863350}.Release|Any CPU.Build.0 = Release|Any CPU
		{19A25BE1-3AE4-44B1-98CD-2965E459DE62}.Debug|Any CPU.ActiveCfg = Debug|Any CPU
		{19A25BE1-3AE4-44B1-98CD-2965E459DE62}.Debug|Any CPU.Build.0 = Debug|Any CPU
		{19A25BE1-3AE4-44B1-98CD-2965E459DE62}.Release|Any CPU.ActiveCfg = Release|Any CPU
		{19A25BE1-3AE4-44B1-98CD-2965E459DE62}.Release|Any CPU.Build.0 = Release|Any CPU
		{F59E45AE-E4F9-4699-B276-3E8B7B022FE9}.Debug|Any CPU.ActiveCfg = Debug|Any CPU
		{F59E45AE-E4F9-4699-B276-3E8B7B022FE9}.Debug|Any CPU.Build.0 = Debug|Any CPU
		{F59E45AE-E4F9-4699-B276-3E8B7B022FE9}.Release|Any CPU.ActiveCfg = Release|Any CPU
		{F59E45AE-E4F9-4699-B276-3E8B7B022FE9}.Release|Any CPU.Build.0 = Release|Any CPU
		{ABB247B8-7E48-492A-BC60-3CE156A2D93D}.Debug|Any CPU.ActiveCfg = Debug|Any CPU
		{ABB247B8-7E48-492A-BC60-3CE156A2D93D}.Debug|Any CPU.Build.0 = Debug|Any CPU
		{ABB247B8-7E48-492A-BC60-3CE156A2D93D}.Release|Any CPU.ActiveCfg = Release|Any CPU
		{ABB247B8-7E48-492A-BC60-3CE156A2D93D}.Release|Any CPU.Build.0 = Release|Any CPU
		{DF502144-F22F-469D-A43E-ED42253DC85D}.Debug|Any CPU.ActiveCfg = Debug|Any CPU
		{DF502144-F22F-469D-A43E-ED42253DC85D}.Debug|Any CPU.Build.0 = Debug|Any CPU
		{DF502144-F22F-469D-A43E-ED42253DC85D}.Release|Any CPU.ActiveCfg = Release|Any CPU
		{DF502144-F22F-469D-A43E-ED42253DC85D}.Release|Any CPU.Build.0 = Release|Any CPU
		{FC43BE92-EC77-4831-8A0D-8936F2808D40}.Debug|Any CPU.ActiveCfg = Debug|Any CPU
		{FC43BE92-EC77-4831-8A0D-8936F2808D40}.Debug|Any CPU.Build.0 = Debug|Any CPU
		{FC43BE92-EC77-4831-8A0D-8936F2808D40}.Release|Any CPU.ActiveCfg = Release|Any CPU
		{FC43BE92-EC77-4831-8A0D-8936F2808D40}.Release|Any CPU.Build.0 = Release|Any CPU
		{AF2E49A6-8326-43BA-AB8E-4C2EA60EBD4B}.Debug|Any CPU.ActiveCfg = Debug|Any CPU
		{AF2E49A6-8326-43BA-AB8E-4C2EA60EBD4B}.Debug|Any CPU.Build.0 = Debug|Any CPU
		{AF2E49A6-8326-43BA-AB8E-4C2EA60EBD4B}.Release|Any CPU.ActiveCfg = Release|Any CPU
		{AF2E49A6-8326-43BA-AB8E-4C2EA60EBD4B}.Release|Any CPU.Build.0 = Release|Any CPU
		{A45C79DB-AC11-4769-A217-27D31D0A6628}.Debug|Any CPU.ActiveCfg = Debug|Any CPU
		{A45C79DB-AC11-4769-A217-27D31D0A6628}.Debug|Any CPU.Build.0 = Debug|Any CPU
		{A45C79DB-AC11-4769-A217-27D31D0A6628}.Release|Any CPU.ActiveCfg = Release|Any CPU
		{A45C79DB-AC11-4769-A217-27D31D0A6628}.Release|Any CPU.Build.0 = Release|Any CPU
		{23F697D4-EA30-4142-8CC4-B0802D65EBAB}.Debug|Any CPU.ActiveCfg = Debug|Any CPU
		{23F697D4-EA30-4142-8CC4-B0802D65EBAB}.Debug|Any CPU.Build.0 = Debug|Any CPU
		{23F697D4-EA30-4142-8CC4-B0802D65EBAB}.Release|Any CPU.ActiveCfg = Release|Any CPU
		{23F697D4-EA30-4142-8CC4-B0802D65EBAB}.Release|Any CPU.Build.0 = Release|Any CPU
		{AD3599A6-E990-417E-822E-032114470F92}.Debug|Any CPU.ActiveCfg = Debug|Any CPU
		{AD3599A6-E990-417E-822E-032114470F92}.Debug|Any CPU.Build.0 = Debug|Any CPU
		{AD3599A6-E990-417E-822E-032114470F92}.Release|Any CPU.ActiveCfg = Release|Any CPU
		{AD3599A6-E990-417E-822E-032114470F92}.Release|Any CPU.Build.0 = Release|Any CPU
		{2B5BF0D3-36A5-42A4-BB73-0FEBD9493597}.Debug|Any CPU.ActiveCfg = Debug|Any CPU
		{2B5BF0D3-36A5-42A4-BB73-0FEBD9493597}.Debug|Any CPU.Build.0 = Debug|Any CPU
		{2B5BF0D3-36A5-42A4-BB73-0FEBD9493597}.Release|Any CPU.ActiveCfg = Release|Any CPU
		{2B5BF0D3-36A5-42A4-BB73-0FEBD9493597}.Release|Any CPU.Build.0 = Release|Any CPU
		{52947FCE-9132-45DD-8A2A-3F7A238F1E11}.Debug|Any CPU.ActiveCfg = Debug|Any CPU
		{52947FCE-9132-45DD-8A2A-3F7A238F1E11}.Debug|Any CPU.Build.0 = Debug|Any CPU
		{52947FCE-9132-45DD-8A2A-3F7A238F1E11}.Release|Any CPU.ActiveCfg = Release|Any CPU
		{52947FCE-9132-45DD-8A2A-3F7A238F1E11}.Release|Any CPU.Build.0 = Release|Any CPU
		{06D69754-36AA-45C0-A526-30DEBC81F3E7}.Debug|Any CPU.ActiveCfg = Debug|Any CPU
		{06D69754-36AA-45C0-A526-30DEBC81F3E7}.Debug|Any CPU.Build.0 = Debug|Any CPU
		{06D69754-36AA-45C0-A526-30DEBC81F3E7}.Release|Any CPU.ActiveCfg = Release|Any CPU
		{06D69754-36AA-45C0-A526-30DEBC81F3E7}.Release|Any CPU.Build.0 = Release|Any CPU
		{C4D3CF58-B3E2-4234-83D9-8398A51620DB}.Debug|Any CPU.ActiveCfg = Debug|Any CPU
		{C4D3CF58-B3E2-4234-83D9-8398A51620DB}.Debug|Any CPU.Build.0 = Debug|Any CPU
		{C4D3CF58-B3E2-4234-83D9-8398A51620DB}.Release|Any CPU.ActiveCfg = Release|Any CPU
		{C4D3CF58-B3E2-4234-83D9-8398A51620DB}.Release|Any CPU.Build.0 = Release|Any CPU
		{4B2AEBFF-1E5A-4B5C-9A5B-2E1400AA6129}.Debug|Any CPU.ActiveCfg = Debug|Any CPU
		{4B2AEBFF-1E5A-4B5C-9A5B-2E1400AA6129}.Debug|Any CPU.Build.0 = Debug|Any CPU
		{4B2AEBFF-1E5A-4B5C-9A5B-2E1400AA6129}.Release|Any CPU.ActiveCfg = Release|Any CPU
		{4B2AEBFF-1E5A-4B5C-9A5B-2E1400AA6129}.Release|Any CPU.Build.0 = Release|Any CPU
		{DCE232FB-239F-4975-9BDE-24B98B522576}.Debug|Any CPU.ActiveCfg = Debug|Any CPU
		{DCE232FB-239F-4975-9BDE-24B98B522576}.Debug|Any CPU.Build.0 = Debug|Any CPU
		{DCE232FB-239F-4975-9BDE-24B98B522576}.Release|Any CPU.ActiveCfg = Release|Any CPU
		{DCE232FB-239F-4975-9BDE-24B98B522576}.Release|Any CPU.Build.0 = Release|Any CPU
		{B243867C-7088-47C6-8080-641116137D49}.Debug|Any CPU.ActiveCfg = Debug|Any CPU
		{B243867C-7088-47C6-8080-641116137D49}.Debug|Any CPU.Build.0 = Debug|Any CPU
		{B243867C-7088-47C6-8080-641116137D49}.Release|Any CPU.ActiveCfg = Release|Any CPU
		{B243867C-7088-47C6-8080-641116137D49}.Release|Any CPU.Build.0 = Release|Any CPU
		{59617D14-017F-477F-9840-286244E1AFFE}.Debug|Any CPU.ActiveCfg = Debug|Any CPU
		{59617D14-017F-477F-9840-286244E1AFFE}.Debug|Any CPU.Build.0 = Debug|Any CPU
		{59617D14-017F-477F-9840-286244E1AFFE}.Release|Any CPU.ActiveCfg = Release|Any CPU
		{59617D14-017F-477F-9840-286244E1AFFE}.Release|Any CPU.Build.0 = Release|Any CPU
	EndGlobalSection
	GlobalSection(SolutionProperties) = preSolution
		HideSolutionNode = FALSE
	EndGlobalSection
	GlobalSection(NestedProjects) = preSolution
		{06C642E4-49B6-4944-BD1D-1865734DC741} = {75DAAF1B-B048-40BA-8A65-D81C62848A6D}
		{9BFC69C3-678C-41B0-B022-31E51389C15B} = {75DAAF1B-B048-40BA-8A65-D81C62848A6D}
		{C5E13541-6CD2-4534-AEFA-D30C443E1DD3} = {75DAAF1B-B048-40BA-8A65-D81C62848A6D}
		{874F531F-E55F-4E97-9EFB-FA815C8ABE0E} = {75DAAF1B-B048-40BA-8A65-D81C62848A6D}
		{0DA850A8-DA21-497E-8BB9-5AF79926E904} = {75DAAF1B-B048-40BA-8A65-D81C62848A6D}
		{04FAEA76-99F7-48D6-89B8-69832BD73007} = {75DAAF1B-B048-40BA-8A65-D81C62848A6D}
		{9AE176CF-237A-4A10-924E-CF6B6CA3BD29} = {75DAAF1B-B048-40BA-8A65-D81C62848A6D}
		{BC49E459-455C-4499-A996-5FB2037B73D4} = {75DAAF1B-B048-40BA-8A65-D81C62848A6D}
		{8A27CD24-A1B1-4754-BCE3-ED003ABDDF14} = {75DAAF1B-B048-40BA-8A65-D81C62848A6D}
		{D2A52A29-5D42-4AAB-BE99-DEFAF012F881} = {75DAAF1B-B048-40BA-8A65-D81C62848A6D}
		{3136B163-24B7-4763-9F81-06700BAD1079} = {75DAAF1B-B048-40BA-8A65-D81C62848A6D}
		{731B6F4B-3A03-40F3-AFC1-6B20F249486B} = {75DAAF1B-B048-40BA-8A65-D81C62848A6D}
		{452C7B91-E72C-4C31-8C6D-C840408C4AB8} = {75DAAF1B-B048-40BA-8A65-D81C62848A6D}
		{E3E75801-F3CE-4989-BBB5-4A27C778A6D6} = {75DAAF1B-B048-40BA-8A65-D81C62848A6D}
		{C4BC8A0C-98E0-41A0-BB9C-831D633DF5A8} = {75DAAF1B-B048-40BA-8A65-D81C62848A6D}
		{A570CF92-6AA2-4018-AC63-5C9D2DBD3556} = {75DAAF1B-B048-40BA-8A65-D81C62848A6D}
		{E72BC937-CAE7-4E54-B03E-22DF86A3CC7A} = {75DAAF1B-B048-40BA-8A65-D81C62848A6D}
		{7F4BDA5E-3972-49FD-90A3-C42033DAECAF} = {75DAAF1B-B048-40BA-8A65-D81C62848A6D}
		{D2EAFF61-F471-442B-A57F-021246863350} = {75DAAF1B-B048-40BA-8A65-D81C62848A6D}
		{19A25BE1-3AE4-44B1-98CD-2965E459DE62} = {75DAAF1B-B048-40BA-8A65-D81C62848A6D}
		{F59E45AE-E4F9-4699-B276-3E8B7B022FE9} = {75DAAF1B-B048-40BA-8A65-D81C62848A6D}
		{ABB247B8-7E48-492A-BC60-3CE156A2D93D} = {75DAAF1B-B048-40BA-8A65-D81C62848A6D}
		{DF502144-F22F-469D-A43E-ED42253DC85D} = {75DAAF1B-B048-40BA-8A65-D81C62848A6D}
		{FC43BE92-EC77-4831-8A0D-8936F2808D40} = {75DAAF1B-B048-40BA-8A65-D81C62848A6D}
		{AF2E49A6-8326-43BA-AB8E-4C2EA60EBD4B} = {75DAAF1B-B048-40BA-8A65-D81C62848A6D}
		{A45C79DB-AC11-4769-A217-27D31D0A6628} = {75DAAF1B-B048-40BA-8A65-D81C62848A6D}
		{23F697D4-EA30-4142-8CC4-B0802D65EBAB} = {75DAAF1B-B048-40BA-8A65-D81C62848A6D}
		{AD3599A6-E990-417E-822E-032114470F92} = {75DAAF1B-B048-40BA-8A65-D81C62848A6D}
		{2B5BF0D3-36A5-42A4-BB73-0FEBD9493597} = {75DAAF1B-B048-40BA-8A65-D81C62848A6D}
		{52947FCE-9132-45DD-8A2A-3F7A238F1E11} = {75DAAF1B-B048-40BA-8A65-D81C62848A6D}
		{06D69754-36AA-45C0-A526-30DEBC81F3E7} = {75DAAF1B-B048-40BA-8A65-D81C62848A6D}
		{C4D3CF58-B3E2-4234-83D9-8398A51620DB} = {75DAAF1B-B048-40BA-8A65-D81C62848A6D}
		{4B2AEBFF-1E5A-4B5C-9A5B-2E1400AA6129} = {75DAAF1B-B048-40BA-8A65-D81C62848A6D}
	EndGlobalSection
	GlobalSection(ExtensibilityGlobals) = postSolution
		SolutionGuid = {400CC4DD-6718-45E1-B65F-B6E3848FD835}
	EndGlobalSection
EndGlobal
